
Microsoft Visual Studio Solution File, Format Version 12.00
# Visual Studio Version 17
VisualStudioVersion = 17.5.002.0
MinimumVisualStudioVersion = 10.0.40219.1
Project("{9A19103F-16F7-4668-BE54-9A1E7A4F7556}") = "task-list-app-maui", "task-list-app-maui.csproj", "{D965419F-0F96-444B-9DEC-2F7DA59022ED}"
EndProject
Global
	GlobalSection(SolutionConfigurationPlatforms) = preSolution
		Debug|Any CPU = Debug|Any CPU
		Release|Any CPU = Release|Any CPU
	EndGlobalSection
	GlobalSection(ProjectConfigurationPlatforms) = postSolution
		{D965419F-0F96-444B-9DEC-2F7DA59022ED}.Debug|Any CPU.ActiveCfg = Debug|Any CPU
		{D965419F-0F96-444B-9DEC-2F7DA59022ED}.Debug|Any CPU.Build.0 = Debug|Any CPU
		{D965419F-0F96-444B-9DEC-2F7DA59022ED}.Release|Any CPU.ActiveCfg = Release|Any CPU
		{D965419F-0F96-444B-9DEC-2F7DA59022ED}.Release|Any CPU.Build.0 = Release|Any CPU
	EndGlobalSection
	GlobalSection(SolutionProperties) = preSolution
		HideSolutionNode = FALSE
	EndGlobalSection
	GlobalSection(ExtensibilityGlobals) = postSolution
		SolutionGuid = {C58F27E4-BB97-49E9-95DD-F13A1466E16E}
	EndGlobalSection
EndGlobal
